# THIS IS AN AUTOGENERATED FILE. DO NOT EDIT THIS FILE DIRECTLY.
# yarn lockfile v1


"@types/lodash-es@^4.14.5":
  version "4.14.5"
  resolved "https://registry.yarnpkg.com/@types/lodash-es/-/lodash-es-4.14.5.tgz#57c11845eaf6a7d2a9095e9533fed4980f3d5784"
  dependencies:
    "@types/lodash" "*"

"@types/lodash@*":
  version "4.14.68"
  resolved "https://registry.yarnpkg.com/@types/lodash/-/lodash-4.14.68.tgz#754fbab68bd2bbb69547dc8ce7574f7012eed7f6"
